// !$*UTF8*$!
{
	archiveVersion = 1;
	classes = {
	};
	objectVersion = 50;
	objects = {

/* Begin PBXBuildFile section */
		4C9F94A323806BA400A56040 /* AppDelegate.swift in Sources */ = {isa = PBXBuildFile; fileRef = 4C9F94A223806BA400A56040 /* AppDelegate.swift */; };
		4C9F94A523806BA400A56040 /* SceneDelegate.swift in Sources */ = {isa = PBXBuildFile; fileRef = 4C9F94A423806BA400A56040 /* SceneDelegate.swift */; };
		4C9F94A723806BA400A56040 /* ViewController.swift in Sources */ = {isa = PBXBuildFile; fileRef = 4C9F94A623806BA400A56040 /* ViewController.swift */; };
		4C9F94AA23806BA400A56040 /* Main.storyboard in Resources */ = {isa = PBXBuildFile; fileRef = 4C9F94A823806BA400A56040 /* Main.storyboard */; };
		4C9F94AC23806BA500A56040 /* Assets.xcassets in Resources */ = {isa = PBXBuildFile; fileRef = 4C9F94AB23806BA500A56040 /* Assets.xcassets */; };
		4C9F94AF23806BA500A56040 /* LaunchScreen.storyboard in Resources */ = {isa = PBXBuildFile; fileRef = 4C9F94AD23806BA500A56040 /* LaunchScreen.storyboard */; };
		4C9F94BA23806BA600A56040 /* BMICalculatorTests.swift in Sources */ = {isa = PBXBuildFile; fileRef = 4C9F94B923806BA600A56040 /* BMICalculatorTests.swift */; };
		4C9F94C523806BA600A56040 /* BMICalculatorUITests.swift in Sources */ = {isa = PBXBuildFile; fileRef = 4C9F94C423806BA600A56040 /* BMICalculatorUITests.swift */; };
/* End PBXBuildFile section */

/* Begin PBXContainerItemProxy section */
		4C9F94B623806BA600A56040 /* PBXContainerItemProxy */ = {
			isa = PBXContainerItemProxy;
			containerPortal = 4C9F949723806BA400A56040 /* Project object */;
			proxyType = 1;
			remoteGlobalIDString = 4C9F949E23806BA400A56040;
			remoteInfo = BMICalculator;
		};
		4C9F94C123806BA600A56040 /* PBXContainerItemProxy */ = {
			isa = PBXContainerItemProxy;
			containerPortal = 4C9F949723806BA400A56040 /* Project object */;
			proxyType = 1;
			remoteGlobalIDString = 4C9F949E23806BA400A56040;
			remoteInfo = BMICalculator;
		};
/* End PBXContainerItemProxy section */

/* Begin PBXFileReference section */
		4C9F949F23806BA400A56040 /* BMICalculator.app */ = {isa = PBXFileReference; explicitFileType = wrapper.application; includeInIndex = 0; path = BMICalculator.app; sourceTree = BUILT_PRODUCTS_DIR; };
		4C9F94A223806BA400A56040 /* AppDelegate.swift */ = {isa = PBXFileReference; lastKnownFileType = sourcecode.swift; path = AppDelegate.swift; sourceTree = "<group>"; };
		4C9F94A423806BA400A56040 /* SceneDelegate.swift */ = {isa = PBXFileReference; lastKnownFileType = sourcecode.swift; path = SceneDelegate.swift; sourceTree = "<group>"; };
		4C9F94A623806BA400A56040 /* ViewController.swift */ = {isa = PBXFileReference; lastKnownFileType = sourcecode.swift; path = ViewController.swift; sourceTree = "<group>"; };
		4C9F94A923806BA400A56040 /* Base */ = {isa = PBXFileReference; lastKnownFileType = file.storyboard; name = Base; path = Base.lproj/Main.storyboard; sourceTree = "<group>"; };
		4C9F94AB23806BA500A56040 /* Assets.xcassets */ = {isa = PBXFileReference; lastKnownFileType = folder.assetcatalog; path = Assets.xcassets; sourceTree = "<group>"; };
		4C9F94AE23806BA500A56040 /* Base */ = {isa = PBXFileReference; lastKnownFileType = file.storyboard; name = Base; path = Base.lproj/LaunchScreen.storyboard; sourceTree = "<group>"; };
		4C9F94B023806BA500A56040 /* Info.plist */ = {isa = PBXFileReference; lastKnownFileType = text.plist.xml; path = Info.plist; sourceTree = "<group>"; };
		4C9F94B523806BA600A56040 /* BMICalculatorTests.xctest */ = {isa = PBXFileReference; explicitFileType = wrapper.cfbundle; includeInIndex = 0; path = BMICalculatorTests.xctest; sourceTree = BUILT_PRODUCTS_DIR; };
		4C9F94B923806BA600A56040 /* BMICalculatorTests.swift */ = {isa = PBXFileReference; lastKnownFileType = sourcecode.swift; path = BMICalculatorTests.swift; sourceTree = "<group>"; };
		4C9F94BB23806BA600A56040 /* Info.plist */ = {isa = PBXFileReference; lastKnownFileType = text.plist.xml; path = Info.plist; sourceTree = "<group>"; };
		4C9F94C023806BA600A56040 /* BMICalculatorUITests.xctest */ = {isa = PBXFileReference; explicitFileType = wrapper.cfbundle; includeInIndex = 0; path = BMICalculatorUITests.xctest; sourceTree = BUILT_PRODUCTS_DIR; };
		4C9F94C423806BA600A56040 /* BMICalculatorUITests.swift */ = {isa = PBXFileReference; lastKnownFileType = sourcecode.swift; path = BMICalculatorUITests.swift; sourceTree = "<group>"; };
		4C9F94C623806BA600A56040 /* Info.plist */ = {isa = PBXFileReference; lastKnownFileType = text.plist.xml; path = Info.plist; sourceTree = "<group>"; };
/* End PBXFileReference section */

/* Begin PBXFrameworksBuildPhase section */
		4C9F949C23806BA400A56040 /* Frameworks */ = {
			isa = PBXFrameworksBuildPhase;
			buildActionMask = 2147483647;
			files = (
			);
			runOnlyForDeploymentPostprocessing = 0;
		};
		4C9F94B223806BA600A56040 /* Frameworks */ = {
			isa = PBXFrameworksBuildPhase;
			buildActionMask = 2147483647;
			files = (
			);
			runOnlyForDeploymentPostprocessing = 0;
		};
		4C9F94BD23806BA600A56040 /* Frameworks */ = {
			isa = PBXFrameworksBuildPhase;
			buildActionMask = 2147483647;
			files = (
			);
			runOnlyForDeploymentPostprocessing = 0;
		};
/* End PBXFrameworksBuildPhase section */

/* Begin PBXGroup section */
		4C9F949623806BA400A56040 = {
			isa = PBXGroup;
			children = (
				4C9F94A123806BA400A56040 /* BMICalculator */,
				4C9F94B823806BA600A56040 /* BMICalculatorTests */,
				4C9F94C323806BA600A56040 /* BMICalculatorUITests */,
				4C9F94A023806BA400A56040 /* Products */,
			);
			sourceTree = "<group>";
		};
		4C9F94A023806BA400A56040 /* Products */ = {
			isa = PBXGroup;
			children = (
				4C9F949F23806BA400A56040 /* BMICalculator.app */,
				4C9F94B523806BA600A56040 /* BMICalculatorTests.xctest */,
				4C9F94C023806BA600A56040 /* BMICalculatorUITests.xctest */,
			);
			name = Products;
			sourceTree = "<group>";
		};
		4C9F94A123806BA400A56040 /* BMICalculator */ = {
			isa = PBXGroup;
			children = (
				4C9F94A223806BA400A56040 /* AppDelegate.swift */,
				4C9F94A423806BA400A56040 /* SceneDelegate.swift */,
				4C9F94A623806BA400A56040 /* ViewController.swift */,
				4C9F94A823806BA400A56040 /* Main.storyboard */,
				4C9F94AB23806BA500A56040 /* Assets.xcassets */,
				4C9F94AD23806BA500A56040 /* LaunchScreen.storyboard */,
				4C9F94B023806BA500A56040 /* Info.plist */,
			);
			path = BMICalculator;
			sourceTree = "<group>";
		};
		4C9F94B823806BA600A56040 /* BMICalculatorTests */ = {
			isa = PBXGroup;
			children = (
				4C9F94B923806BA600A56040 /* BMICalculatorTests.swift */,
				4C9F94BB23806BA600A56040 /* Info.plist */,
			);
			path = BMICalculatorTests;
			sourceTree = "<group>";
		};
		4C9F94C323806BA600A56040 /* BMICalculatorUITests */ = {
			isa = PBXGroup;
			children = (
				4C9F94C423806BA600A56040 /* BMICalculatorUITests.swift */,
				4C9F94C623806BA600A56040 /* Info.plist */,
			);
			path = BMICalculatorUITests;
			sourceTree = "<group>";
		};
/* End PBXGroup section */

/* Begin PBXNativeTarget section */
		4C9F949E23806BA400A56040 /* BMICalculator */ = {
			isa = PBXNativeTarget;
			buildConfigurationList = 4C9F94C923806BA600A56040 /* Build configuration list for PBXNativeTarget "BMICalculator" */;
			buildPhases = (
				4C9F949B23806BA400A56040 /* Sources */,
				4C9F949C23806BA400A56040 /* Frameworks */,
				4C9F949D23806BA400A56040 /* Resources */,
			);
			buildRules = (
			);
			dependencies = (
			);
			name = BMICalculator;
			productName = BMICalculator;
			productReference = 4C9F949F23806BA400A56040 /* BMICalculator.app */;
			productType = "com.apple.product-type.application";
		};
		4C9F94B423806BA600A56040 /* BMICalculatorTests */ = {
			isa = PBXNativeTarget;
			buildConfigurationList = 4C9F94CC23806BA600A56040 /* Build configuration list for PBXNativeTarget "BMICalculatorTests" */;
			buildPhases = (
				4C9F94B123806BA600A56040 /* Sources */,
				4C9F94B223806BA600A56040 /* Frameworks */,
				4C9F94B323806BA600A56040 /* Resources */,
			);
			buildRules = (
			);
			dependencies = (
				4C9F94B723806BA600A56040 /* PBXTargetDependency */,
			);
			name = BMICalculatorTests;
			productName = BMICalculatorTests;
			productReference = 4C9F94B523806BA600A56040 /* BMICalculatorTests.xctest */;
			productType = "com.apple.product-type.bundle.unit-test";
		};
		4C9F94BF23806BA600A56040 /* BMICalculatorUITests */ = {
			isa = PBXNativeTarget;
			buildConfigurationList = 4C9F94CF23806BA600A56040 /* Build configuration list for PBXNativeTarget "BMICalculatorUITests" */;
			buildPhases = (
				4C9F94BC23806BA600A56040 /* Sources */,
				4C9F94BD23806BA600A56040 /* Frameworks */,
				4C9F94BE23806BA600A56040 /* Resources */,
			);
			buildRules = (
			);
			dependencies = (
				4C9F94C223806BA600A56040 /* PBXTargetDependency */,
			);
			name = BMICalculatorUITests;
			productName = BMICalculatorUITests;
			productReference = 4C9F94C023806BA600A56040 /* BMICalculatorUITests.xctest */;
			productType = "com.apple.product-type.bundle.ui-testing";
		};
/* End PBXNativeTarget section */

/* Begin PBXProject section */
		4C9F949723806BA400A56040 /* Project object */ = {
			isa = PBXProject;
			attributes = {
				LastSwiftUpdateCheck = 1120;
				LastUpgradeCheck = 1120;
				ORGANIZATIONNAME = "Gavin Daniel";
				TargetAttributes = {
					4C9F949E23806BA400A56040 = {
						CreatedOnToolsVersion = 11.2;
					};
					4C9F94B423806BA600A56040 = {
						CreatedOnToolsVersion = 11.2;
						TestTargetID = 4C9F949E23806BA400A56040;
					};
					4C9F94BF23806BA600A56040 = {
						CreatedOnToolsVersion = 11.2;
						TestTargetID = 4C9F949E23806BA400A56040;
					};
				};
			};
			buildConfigurationList = 4C9F949A23806BA400A56040 /* Build configuration list for PBXProject "BMICalculator" */;
			compatibilityVersion = "Xcode 9.3";
			developmentRegion = en;
			hasScannedForEncodings = 0;
			knownRegions = (
				en,
				Base,
			);
			mainGroup = 4C9F949623806BA400A56040;
			productRefGroup = 4C9F94A023806BA400A56040 /* Products */;
			projectDirPath = "";
			projectRoot = "";
			targets = (
				4C9F949E23806BA400A56040 /* BMICalculator */,
				4C9F94B423806BA600A56040 /* BMICalculatorTests */,
				4C9F94BF23806BA600A56040 /* BMICalculatorUITests */,
			);
		};
/* End PBXProject section */

/* Begin PBXResourcesBuildPhase section */
		4C9F949D23806BA400A56040 /* Resources */ = {
			isa = PBXResourcesBuildPhase;
			buildActionMask = 2147483647;
			files = (
				4C9F94AF23806BA500A56040 /* LaunchScreen.storyboard in Resources */,
				4C9F94AC23806BA500A56040 /* Assets.xcassets in Resources */,
				4C9F94AA23806BA400A56040 /* Main.storyboard in Resources */,
			);
			runOnlyForDeploymentPostprocessing = 0;
		};
		4C9F94B323806BA600A56040 /* Resources */ = {
			isa = PBXResourcesBuildPhase;
			buildActionMask = 2147483647;
			files = (
			);
			runOnlyForDeploymentPostprocessing = 0;
		};
		4C9F94BE23806BA600A56040 /* Resources */ = {
			isa = PBXResourcesBuildPhase;
			buildActionMask = 2147483647;
			files = (
			);
			runOnlyForDeploymentPostprocessing = 0;
		};
/* End PBXResourcesBuildPhase section */

/* Begin PBXSourcesBuildPhase section */
		4C9F949B23806BA400A56040 /* Sources */ = {
			isa = PBXSourcesBuildPhase;
			buildActionMask = 2147483647;
			files = (
				4C9F94A723806BA400A56040 /* ViewController.swift in Sources */,
				4C9F94A323806BA400A56040 /* AppDelegate.swift in Sources */,
				4C9F94A523806BA400A56040 /* SceneDelegate.swift in Sources */,
			);
			runOnlyForDeploymentPostprocessing = 0;
		};
		4C9F94B123806BA600A56040 /* Sources */ = {
			isa = PBXSourcesBuildPhase;
			buildActionMask = 2147483647;
			files = (
				4C9F94BA23806BA600A56040 /* BMICalculatorTests.swift in Sources */,
			);
			runOnlyForDeploymentPostprocessing = 0;
		};
		4C9F94BC23806BA600A56040 /* Sources */ = {
			isa = PBXSourcesBuildPhase;
			buildActionMask = 2147483647;
			files = (
				4C9F94C523806BA600A56040 /* BMICalculatorUITests.swift in Sources */,
			);
			runOnlyForDeploymentPostprocessing = 0;
		};
/* End PBXSourcesBuildPhase section */

/* Begin PBXTargetDependency section */
		4C9F94B723806BA600A56040 /* PBXTargetDependency */ = {
			isa = PBXTargetDependency;
			target = 4C9F949E23806BA400A56040 /* BMICalculator */;
			targetProxy = 4C9F94B623806BA600A56040 /* PBXContainerItemProxy */;
		};
		4C9F94C223806BA600A56040 /* PBXTargetDependency */ = {
			isa = PBXTargetDependency;
			target = 4C9F949E23806BA400A56040 /* BMICalculator */;
			targetProxy = 4C9F94C123806BA600A56040 /* PBXContainerItemProxy */;
		};
/* End PBXTargetDependency section */

/* Begin PBXVariantGroup section */
		4C9F94A823806BA400A56040 /* Main.storyboard */ = {
			isa = PBXVariantGroup;
			children = (
				4C9F94A923806BA400A56040 /* Base */,
			);
			name = Main.storyboard;
			sourceTree = "<group>";
		};
		4C9F94AD23806BA500A56040 /* LaunchScreen.storyboard */ = {
			isa = PBXVariantGroup;
			children = (
				4C9F94AE23806BA500A56040 /* Base */,
			);
			name = LaunchScreen.storyboard;
			sourceTree = "<group>";
		};
/* End PBXVariantGroup section */

/* Begin XCBuildConfiguration section */
		4C9F94C723806BA600A56040 /* Debug */ = {
			isa = XCBuildConfiguration;
			buildSettings = {
				ALWAYS_SEARCH_USER_PATHS = NO;
				CLANG_ANALYZER_NONNULL = YES;
				CLANG_ANALYZER_NUMBER_OBJECT_CONVERSION = YES_AGGRESSIVE;
				CLANG_CXX_LANGUAGE_STANDARD = "gnu++14";
				CLANG_CXX_LIBRARY = "libc++";
				CLANG_ENABLE_MODULES = YES;
				CLANG_ENABLE_OBJC_ARC = YES;
				CLANG_ENABLE_OBJC_WEAK = YES;
				CLANG_WARN_BLOCK_CAPTURE_AUTORELEASING = YES;
				CLANG_WARN_BOOL_CONVERSION = YES;
				CLANG_WARN_COMMA = YES;
				CLANG_WARN_CONSTANT_CONVERSION = YES;
				CLANG_WARN_DEPRECATED_OBJC_IMPLEMENTATIONS = YES;
				CLANG_WARN_DIRECT_OBJC_ISA_USAGE = YES_ERROR;
				CLANG_WARN_DOCUMENTATION_COMMENTS = YES;
				CLANG_WARN_EMPTY_BODY = YES;
				CLANG_WARN_ENUM_CONVERSION = YES;
				CLANG_WARN_INFINITE_RECURSION = YES;
				CLANG_WARN_INT_CONVERSION = YES;
				CLANG_WARN_NON_LITERAL_NULL_CONVERSION = YES;
				CLANG_WARN_OBJC_IMPLICIT_RETAIN_SELF = YES;
				CLANG_WARN_OBJC_LITERAL_CONVERSION = YES;
				CLANG_WARN_OBJC_ROOT_CLASS = YES_ERROR;
				CLANG_WARN_RANGE_LOOP_ANALYSIS = YES;
				CLANG_WARN_STRICT_PROTOTYPES = YES;
				CLANG_WARN_SUSPICIOUS_MOVE = YES;
				CLANG_WARN_UNGUARDED_AVAILABILITY = YES_AGGRESSIVE;
				CLANG_WARN_UNREACHABLE_CODE = YES;
				CLANG_WARN__DUPLICATE_METHOD_MATCH = YES;
				COPY_PHASE_STRIP = NO;
				DEBUG_INFORMATION_FORMAT = dwarf;
				ENABLE_STRICT_OBJC_MSGSEND = YES;
				ENABLE_TESTABILITY = YES;
				GCC_C_LANGUAGE_STANDARD = gnu11;
				GCC_DYNAMIC_NO_PIC = NO;
				GCC_NO_COMMON_BLOCKS = YES;
				GCC_OPTIMIZATION_LEVEL = 0;
				GCC_PREPROCESSOR_DEFINITIONS = (
					"DEBUG=1",
					"$(inherited)",
				);
				GCC_WARN_64_TO_32_BIT_CONVERSION = YES;
				GCC_WARN_ABOUT_RETURN_TYPE = YES_ERROR;
				GCC_WARN_UNDECLARED_SELECTOR = YES;
				GCC_WARN_UNINITIALIZED_AUTOS = YES_AGGRESSIVE;
				GCC_WARN_UNUSED_FUNCTION = YES;
				GCC_WARN_UNUSED_VARIABLE = YES;
				IPHONEOS_DEPLOYMENT_TARGET = 13.2;
				MTL_ENABLE_DEBUG_INFO = INCLUDE_SOURCE;
				MTL_FAST_MATH = YES;
				ONLY_ACTIVE_ARCH = YES;
				SDKROOT = iphoneos;
				SWIFT_ACTIVE_COMPILATION_CONDITIONS = DEBUG;
				SWIFT_OPTIMIZATION_LEVEL = "-Onone";
			};
			name = Debug;
		};
		4C9F94C823806BA600A56040 /* Release */ = {
			isa = XCBuildConfiguration;
			buildSettings = {
				ALWAYS_SEARCH_USER_PATHS = NO;
				CLANG_ANALYZER_NONNULL = YES;
				CLANG_ANALYZER_NUMBER_OBJECT_CONVERSION = YES_AGGRESSIVE;
				CLANG_CXX_LANGUAGE_STANDARD = "gnu++14";
				CLANG_CXX_LIBRARY = "libc++";
				CLANG_ENABLE_MODULES = YES;
				CLANG_ENABLE_OBJC_ARC = YES;
				CLANG_ENABLE_OBJC_WEAK = YES;
				CLANG_WARN_BLOCK_CAPTURE_AUTORELEASING = YES;
				CLANG_WARN_BOOL_CONVERSION = YES;
				CLANG_WARN_COMMA = YES;
				CLANG_WARN_CONSTANT_CONVERSION = YES;
				CLANG_WARN_DEPRECATED_OBJC_IMPLEMENTATIONS = YES;
				CLANG_WARN_DIRECT_OBJC_ISA_USAGE = YES_ERROR;
				CLANG_WARN_DOCUMENTATION_COMMENTS = YES;
				CLANG_WARN_EMPTY_BODY = YES;
				CLANG_WARN_ENUM_CONVERSION = YES;
				CLANG_WARN_INFINITE_RECURSION = YES;
				CLANG_WARN_INT_CONVERSION = YES;
				CLANG_WARN_NON_LITERAL_NULL_CONVERSION = YES;
				CLANG_WARN_OBJC_IMPLICIT_RETAIN_SELF = YES;
				CLANG_WARN_OBJC_LITERAL_CONVERSION = YES;
				CLANG_WARN_OBJC_ROOT_CLASS = YES_ERROR;
				CLANG_WARN_RANGE_LOOP_ANALYSIS = YES;
				CLANG_WARN_STRICT_PROTOTYPES = YES;
				CLANG_WARN_SUSPICIOUS_MOVE = YES;
				CLANG_WARN_UNGUARDED_AVAILABILITY = YES_AGGRESSIVE;
				CLANG_WARN_UNREACHABLE_CODE = YES;
				CLANG_WARN__DUPLICATE_METHOD_MATCH = YES;
				COPY_PHASE_STRIP = NO;
				DEBUG_INFORMATION_FORMAT = "dwarf-with-dsym";
				ENABLE_NS_ASSERTIONS = NO;
				ENABLE_STRICT_OBJC_MSGSEND = YES;
				GCC_C_LANGUAGE_STANDARD = gnu11;
				GCC_NO_COMMON_BLOCKS = YES;
				GCC_WARN_64_TO_32_BIT_CONVERSION = YES;
				GCC_WARN_ABOUT_RETURN_TYPE = YES_ERROR;
				GCC_WARN_UNDECLARED_SELECTOR = YES;
				GCC_WARN_UNINITIALIZED_AUTOS = YES_AGGRESSIVE;
				GCC_WARN_UNUSED_FUNCTION = YES;
				GCC_WARN_UNUSED_VARIABLE = YES;
				IPHONEOS_DEPLOYMENT_TARGET = 13.2;
				MTL_ENABLE_DEBUG_INFO = NO;
				MTL_FAST_MATH = YES;
				SDKROOT = iphoneos;
				SWIFT_COMPILATION_MODE = wholemodule;
				SWIFT_OPTIMIZATION_LEVEL = "-O";
				VALIDATE_PRODUCT = YES;
			};
			name = Release;
		};
		4C9F94CA23806BA600A56040 /* Debug */ = {
			isa = XCBuildConfiguration;
			buildSettings = {
				ASSETCATALOG_COMPILER_APPICON_NAME = AppIcon;
				CODE_SIGN_STYLE = Automatic;
				DEVELOPMENT_TEAM = Y4984Z4727;
				INFOPLIST_FILE = BMICalculator/Info.plist;
				LD_RUNPATH_SEARCH_PATHS = (
					"$(inherited)",
					"@executable_path/Frameworks",
				);
				PRODUCT_BUNDLE_IDENTIFIER = gavindaniel.BMICalculator;
				PRODUCT_NAME = "$(TARGET_NAME)";
				SWIFT_VERSION = 5.0;
				TARGETED_DEVICE_FAMILY = "1,2";
			};
			name = Debug;
		};
		4C9F94CB23806BA600A56040 /* Release */ = {
			isa = XCBuildConfiguration;
			buildSettings = {
				ASSETCATALOG_COMPILER_APPICON_NAME = AppIcon;
				CODE_SIGN_STYLE = Automatic;
				DEVELOPMENT_TEAM = Y4984Z4727;
				INFOPLIST_FILE = BMICalculator/Info.plist;
				LD_RUNPATH_SEARCH_PATHS = (
					"$(inherited)",
					"@executable_path/Frameworks",
				);
				PRODUCT_BUNDLE_IDENTIFIER = gavindaniel.BMICalculator;
				PRODUCT_NAME = "$(TARGET_NAME)";
				SWIFT_VERSION = 5.0;
				TARGETED_DEVICE_FAMILY = "1,2";
			};
			name = Release;
		};
		4C9F94CD23806BA600A56040 /* Debug */ = {
			isa = XCBuildConfiguration;
			buildSettings = {
				ALWAYS_EMBED_SWIFT_STANDARD_LIBRARIES = YES;
				BUNDLE_LOADER = "$(TEST_HOST)";
				CODE_SIGN_STYLE = Automatic;
				DEVELOPMENT_TEAM = Y4984Z4727;
				INFOPLIST_FILE = BMICalculatorTests/Info.plist;
				IPHONEOS_DEPLOYMENT_TARGET = 13.2;
				LD_RUNPATH_SEARCH_PATHS = (
					"$(inherited)",
					"@executable_path/Frameworks",
					"@loader_path/Frameworks",
				);
				PRODUCT_BUNDLE_IDENTIFIER = gavindaniel.BMICalculatorTests;
				PRODUCT_NAME = "$(TARGET_NAME)";
				SWIFT_VERSION = 5.0;
				TARGETED_DEVICE_FAMILY = "1,2";
				TEST_HOST = "$(BUILT_PRODUCTS_DIR)/BMICalculator.app/BMICalculator";
			};
			name = Debug;
		};
		4C9F94CE23806BA600A56040 /* Release */ = {
			isa = XCBuildConfiguration;
			buildSettings = {
				ALWAYS_EMBED_SWIFT_STANDARD_LIBRARIES = YES;
				BUNDLE_LOADER = "$(TEST_HOST)";
				CODE_SIGN_STYLE = Automatic;
				DEVELOPMENT_TEAM = Y4984Z4727;
				INFOPLIST_FILE = BMICalculatorTests/Info.plist;
				IPHONEOS_DEPLOYMENT_TARGET = 13.2;
				LD_RUNPATH_SEARCH_PATHS = (
					"$(inherited)",
					"@executable_path/Frameworks",
					"@loader_path/Frameworks",
				);
				PRODUCT_BUNDLE_IDENTIFIER = gavindaniel.BMICalculatorTests;
				PRODUCT_NAME = "$(TARGET_NAME)";
				SWIFT_VERSION = 5.0;
				TARGETED_DEVICE_FAMILY = "1,2";
				TEST_HOST = "$(BUILT_PRODUCTS_DIR)/BMICalculator.app/BMICalculator";
			};
			name = Release;
		};
		4C9F94D023806BA600A56040 /* Debug */ = {
			isa = XCBuildConfiguration;
			buildSettings = {
				ALWAYS_EMBED_SWIFT_STANDARD_LIBRARIES = YES;
				CODE_SIGN_STYLE = Automatic;
				DEVELOPMENT_TEAM = Y4984Z4727;
				INFOPLIST_FILE = BMICalculatorUITests/Info.plist;
				LD_RUNPATH_SEARCH_PATHS = (
					"$(inherited)",
					"@executable_path/Frameworks",
					"@loader_path/Frameworks",
				);
				PRODUCT_BUNDLE_IDENTIFIER = gavindaniel.BMICalculatorUITests;
				PRODUCT_NAME = "$(TARGET_NAME)";
				SWIFT_VERSION = 5.0;
				TARGETED_DEVICE_FAMILY = "1,2";
				TEST_TARGET_NAME = BMICalculator;
			};
			name = Debug;
		};
		4C9F94D123806BA600A56040 /* Release */ = {
			isa = XCBuildConfiguration;
			buildSettings = {
				ALWAYS_EMBED_SWIFT_STANDARD_LIBRARIES = YES;
				CODE_SIGN_STYLE = Automatic;
				DEVELOPMENT_TEAM = Y4984Z4727;
				INFOPLIST_FILE = BMICalculatorUITests/Info.plist;
				LD_RUNPATH_SEARCH_PATHS = (
					"$(inherited)",
					"@executable_path/Frameworks",
					"@loader_path/Frameworks",
				);
				PRODUCT_BUNDLE_IDENTIFIER = gavindaniel.BMICalculatorUITests;
				PRODUCT_NAME = "$(TARGET_NAME)";
				SWIFT_VERSION = 5.0;
				TARGETED_DEVICE_FAMILY = "1,2";
				TEST_TARGET_NAME = BMICalculator;
			};
			name = Release;
		};
/* End XCBuildConfiguration section */

/* Begin XCConfigurationList section */
		4C9F949A23806BA400A56040 /* Build configuration list for PBXProject "BMICalculator" */ = {
			isa = XCConfigurationList;
			buildConfigurations = (
				4C9F94C723806BA600A56040 /* Debug */,
				4C9F94C823806BA600A56040 /* Release */,
			);
			defaultConfigurationIsVisible = 0;
			defaultConfigurationName = Release;
		};
		4C9F94C923806BA600A56040 /* Build configuration list for PBXNativeTarget "BMICalculator" */ = {
			isa = XCConfigurationList;
			buildConfigurations = (
				4C9F94CA23806BA600A56040 /* Debug */,
				4C9F94CB23806BA600A56040 /* Release */,
			);
			defaultConfigurationIsVisible = 0;
			defaultConfigurationName = Release;
		};
		4C9F94CC23806BA600A56040 /* Build configuration list for PBXNativeTarget "BMICalculatorTests" */ = {
			isa = XCConfigurationList;
			buildConfigurations = (
				4C9F94CD23806BA600A56040 /* Debug */,
				4C9F94CE23806BA600A56040 /* Release */,
			);
			defaultConfigurationIsVisible = 0;
			defaultConfigurationName = Release;
		};
		4C9F94CF23806BA600A56040 /* Build configuration list for PBXNativeTarget "BMICalculatorUITests" */ = {
			isa = XCConfigurationList;
			buildConfigurations = (
				4C9F94D023806BA600A56040 /* Debug */,
				4C9F94D123806BA600A56040 /* Release */,
			);
			defaultConfigurationIsVisible = 0;
			defaultConfigurationName = Release;
		};
/* End XCConfigurationList section */
	};
	rootObject = 4C9F949723806BA400A56040 /* Project object */;
}
